
Microsoft Visual Studio Solution File, Format Version 12.00
# Visual Studio Version 17
VisualStudioVersion = 17.0.31903.59
MinimumVisualStudioVersion = 10.0.40219.1
Project("{FAE04EC0-301F-11D3-BF4B-00C04F79EFBC}") = "atividadejogo", "atividadejogo\atividadejogo.csproj", "{5E2561F3-8D9D-465D-B6F7-281A98E22EC6}"
EndProject
Project("{FAE04EC0-301F-11D3-BF4B-00C04F79EFBC}") = "ATIVIDADEJOG", "ATIVIDADEJOG\ATIVIDADEJOG.csproj", "{51A971D9-0B4D-4364-9A6C-6AEB70AB3ECE}"
EndProject
Global
	GlobalSection(SolutionConfigurationPlatforms) = preSolution
		Debug|Any CPU = Debug|Any CPU
		Release|Any CPU = Release|Any CPU
	EndGlobalSection
	GlobalSection(SolutionProperties) = preSolution
		HideSolutionNode = FALSE
	EndGlobalSection
	GlobalSection(ProjectConfigurationPlatforms) = postSolution
		{5E2561F3-8D9D-465D-B6F7-281A98E22EC6}.Debug|Any CPU.ActiveCfg = Debug|Any CPU
		{5E2561F3-8D9D-465D-B6F7-281A98E22EC6}.Debug|Any CPU.Build.0 = Debug|Any CPU
		{5E2561F3-8D9D-465D-B6F7-281A98E22EC6}.Release|Any CPU.ActiveCfg = Release|Any CPU
		{5E2561F3-8D9D-465D-B6F7-281A98E22EC6}.Release|Any CPU.Build.0 = Release|Any CPU
		{51A971D9-0B4D-4364-9A6C-6AEB70AB3ECE}.Debug|Any CPU.ActiveCfg = Debug|Any CPU
		{51A971D9-0B4D-4364-9A6C-6AEB70AB3ECE}.Debug|Any CPU.Build.0 = Debug|Any CPU
		{51A971D9-0B4D-4364-9A6C-6AEB70AB3ECE}.Release|Any CPU.ActiveCfg = Release|Any CPU
		{51A971D9-0B4D-4364-9A6C-6AEB70AB3ECE}.Release|Any CPU.Build.0 = Release|Any CPU
	EndGlobalSection
EndGlobal
